
Microsoft Visual Studio Solution File, Format Version 12.00
# Visual Studio Version 17
VisualStudioVersion = 17.10.35013.160
MinimumVisualStudioVersion = 10.0.40219.1
Project("{FAE04EC0-301F-11D3-BF4B-00C04F79EFBC}") = "Unittesting", "Unittesting.csproj", "{99CFB162-E202-416F-9436-377E37CDEBB6}"
EndProject
Global
	GlobalSection(SolutionConfigurationPlatforms) = preSolution
		Debug|Any CPU = Debug|Any CPU
		Release|Any CPU = Release|Any CPU
	EndGlobalSection
	GlobalSection(ProjectConfigurationPlatforms) = postSolution
		{99CFB162-E202-416F-9436-377E37CDEBB6}.Debug|Any CPU.ActiveCfg = Debug|Any CPU
		{99CFB162-E202-416F-9436-377E37CDEBB6}.Debug|Any CPU.Build.0 = Debug|Any CPU
		{99CFB162-E202-416F-9436-377E37CDEBB6}.Release|Any CPU.ActiveCfg = Release|Any CPU
		{99CFB162-E202-416F-9436-377E37CDEBB6}.Release|Any CPU.Build.0 = Release|Any CPU
	EndGlobalSection
	GlobalSection(SolutionProperties) = preSolution
		HideSolutionNode = FALSE
	EndGlobalSection
	GlobalSection(ExtensibilityGlobals) = postSolution
		SolutionGuid = {1165BE16-2DFC-42C1-892A-C47FC5E2659D}
	EndGlobalSection
EndGlobal
